
Microsoft Visual Studio Solution File, Format Version 11.00
# Visual Studio 2010
Project("{8BC9CEB8-8B4A-11D0-8D11-00A0C91BC942}") = "libFreeDO", "libFreeDO\libFreeDO.vcxproj", "{BEE9C373-B170-4A86-BFBD-F517960D88A1}"
EndProject
Project("{8BC9CEB8-8B4A-11D0-8D11-00A0C91BC942}") = "3dox", "3dox.vcxproj", "{F15166D6-572D-47B7-A0BA-E35C9367B077}"
EndProject
Project("{8BC9CEB8-8B4A-11D0-8D11-00A0C91BC942}") = "FreeDOCore", "FreeDOCore\FreeDOCore.vcxproj", "{409BC632-8B23-4842-B45E-EE40AAB31169}"
EndProject
Project("{8BC9CEB8-8B4A-11D0-8D11-00A0C91BC942}") = "3doxLauncher", "3doxLauncher\3doxLauncher.vcxproj", "{259F380D-B8E9-4EB5-85AC-9D376655B6FE}"
	ProjectSection(ProjectDependencies) = postProject
		{BEE9C373-B170-4A86-BFBD-F517960D88A1} = {BEE9C373-B170-4A86-BFBD-F517960D88A1}
		{F15166D6-572D-47B7-A0BA-E35C9367B077} = {F15166D6-572D-47B7-A0BA-E35C9367B077}
	EndProjectSection
EndProject
Project("{8BC9CEB8-8B4A-11D0-8D11-00A0C91BC942}") = "AtgFramework", "C:\Program Files (x86)\Microsoft Xbox 360 SDK\Source\Samples\Common\AtgFramework2010.vcxproj", "{91D208A6-9936-47FD-9659-67205C3EB0AB}"
EndProject
Global
	GlobalSection(SolutionConfigurationPlatforms) = preSolution
		CodeAnalysis|Win32 = CodeAnalysis|Win32
		CodeAnalysis|Xbox 360 = CodeAnalysis|Xbox 360
		Debug|Win32 = Debug|Win32
		Debug|Xbox 360 = Debug|Xbox 360
		PGO|Win32 = PGO|Win32
		PGO|Xbox 360 = PGO|Xbox 360
		Profile_FastCap|Win32 = Profile_FastCap|Win32
		Profile_FastCap|Xbox 360 = Profile_FastCap|Xbox 360
		Profile|Win32 = Profile|Win32
		Profile|Xbox 360 = Profile|Xbox 360
		Release_LTCG|Win32 = Release_LTCG|Win32
		Release_LTCG|Xbox 360 = Release_LTCG|Xbox 360
		Release|Win32 = Release|Win32
		Release|Xbox 360 = Release|Xbox 360
	EndGlobalSection
	GlobalSection(ProjectConfigurationPlatforms) = postSolution
		{BEE9C373-B170-4A86-BFBD-F517960D88A1}.CodeAnalysis|Win32.ActiveCfg = CodeAnalysis|Win32
		{BEE9C373-B170-4A86-BFBD-F517960D88A1}.CodeAnalysis|Win32.Build.0 = CodeAnalysis|Win32
		{BEE9C373-B170-4A86-BFBD-F517960D88A1}.CodeAnalysis|Xbox 360.ActiveCfg = CodeAnalysis|Xbox 360
		{BEE9C373-B170-4A86-BFBD-F517960D88A1}.CodeAnalysis|Xbox 360.Build.0 = CodeAnalysis|Xbox 360
		{BEE9C373-B170-4A86-BFBD-F517960D88A1}.CodeAnalysis|Xbox 360.Deploy.0 = CodeAnalysis|Xbox 360
		{BEE9C373-B170-4A86-BFBD-F517960D88A1}.Debug|Win32.ActiveCfg = Debug|Win32
		{BEE9C373-B170-4A86-BFBD-F517960D88A1}.Debug|Win32.Build.0 = Debug|Win32
		{BEE9C373-B170-4A86-BFBD-F517960D88A1}.Debug|Xbox 360.ActiveCfg = Debug|Xbox 360
		{BEE9C373-B170-4A86-BFBD-F517960D88A1}.Debug|Xbox 360.Build.0 = Debug|Xbox 360
		{BEE9C373-B170-4A86-BFBD-F517960D88A1}.Debug|Xbox 360.Deploy.0 = Debug|Xbox 360
		{BEE9C373-B170-4A86-BFBD-F517960D88A1}.PGO|Win32.ActiveCfg = PGO|Win32
		{BEE9C373-B170-4A86-BFBD-F517960D88A1}.PGO|Win32.Build.0 = PGO|Win32
		{BEE9C373-B170-4A86-BFBD-F517960D88A1}.PGO|Xbox 360.ActiveCfg = PGO|Xbox 360
		{BEE9C373-B170-4A86-BFBD-F517960D88A1}.PGO|Xbox 360.Build.0 = PGO|Xbox 360
		{BEE9C373-B170-4A86-BFBD-F517960D88A1}.PGO|Xbox 360.Deploy.0 = PGO|Xbox 360
		{BEE9C373-B170-4A86-BFBD-F517960D88A1}.Profile_FastCap|Win32.ActiveCfg = Profile_FastCap|Win32
		{BEE9C373-B170-4A86-BFBD-F517960D88A1}.Profile_FastCap|Win32.Build.0 = Profile_FastCap|Win32
		{BEE9C373-B170-4A86-BFBD-F517960D88A1}.Profile_FastCap|Xbox 360.ActiveCfg = Profile_FastCap|Xbox 360
		{BEE9C373-B170-4A86-BFBD-F517960D88A1}.Profile_FastCap|Xbox 360.Build.0 = Profile_FastCap|Xbox 360
		{BEE9C373-B170-4A86-BFBD-F517960D88A1}.Profile_FastCap|Xbox 360.Deploy.0 = Profile_FastCap|Xbox 360
		{BEE9C373-B170-4A86-BFBD-F517960D88A1}.Profile|Win32.ActiveCfg = Profile|Win32
		{BEE9C373-B170-4A86-BFBD-F517960D88A1}.Profile|Win32.Build.0 = Profile|Win32
		{BEE9C373-B170-4A86-BFBD-F517960D88A1}.Profile|Xbox 360.ActiveCfg = Profile|Xbox 360
		{BEE9C373-B170-4A86-BFBD-F517960D88A1}.Profile|Xbox 360.Build.0 = Profile|Xbox 360
		{BEE9C373-B170-4A86-BFBD-F517960D88A1}.Profile|Xbox 360.Deploy.0 = Profile|Xbox 360
		{BEE9C373-B170-4A86-BFBD-F517960D88A1}.Release_LTCG|Win32.ActiveCfg = Release_LTCG|Win32
		{BEE9C373-B170-4A86-BFBD-F517960D88A1}.Release_LTCG|Win32.Build.0 = Release_LTCG|Win32
		{BEE9C373-B170-4A86-BFBD-F517960D88A1}.Release_LTCG|Xbox 360.ActiveCfg = Release_LTCG|Xbox 360
		{BEE9C373-B170-4A86-BFBD-F517960D88A1}.Release_LTCG|Xbox 360.Build.0 = Release_LTCG|Xbox 360
		{BEE9C373-B170-4A86-BFBD-F517960D88A1}.Release_LTCG|Xbox 360.Deploy.0 = Release_LTCG|Xbox 360
		{BEE9C373-B170-4A86-BFBD-F517960D88A1}.Release|Win32.ActiveCfg = Release|Win32
		{BEE9C373-B170-4A86-BFBD-F517960D88A1}.Release|Win32.Build.0 = Release|Win32
		{BEE9C373-B170-4A86-BFBD-F517960D88A1}.Release|Xbox 360.ActiveCfg = Release|Xbox 360
		{BEE9C373-B170-4A86-BFBD-F517960D88A1}.Release|Xbox 360.Build.0 = Release|Xbox 360
		{BEE9C373-B170-4A86-BFBD-F517960D88A1}.Release|Xbox 360.Deploy.0 = Release|Xbox 360
		{F15166D6-572D-47B7-A0BA-E35C9367B077}.CodeAnalysis|Win32.ActiveCfg = CodeAnalysis|Win32
		{F15166D6-572D-47B7-A0BA-E35C9367B077}.CodeAnalysis|Win32.Build.0 = CodeAnalysis|Win32
		{F15166D6-572D-47B7-A0BA-E35C9367B077}.CodeAnalysis|Xbox 360.ActiveCfg = CodeAnalysis|Xbox 360
		{F15166D6-572D-47B7-A0BA-E35C9367B077}.CodeAnalysis|Xbox 360.Build.0 = CodeAnalysis|Xbox 360
		{F15166D6-572D-47B7-A0BA-E35C9367B077}.CodeAnalysis|Xbox 360.Deploy.0 = CodeAnalysis|Xbox 360
		{F15166D6-572D-47B7-A0BA-E35C9367B077}.Debug|Win32.ActiveCfg = Debug|Win32
		{F15166D6-572D-47B7-A0BA-E35C9367B077}.Debug|Win32.Build.0 = Debug|Win32
		{F15166D6-572D-47B7-A0BA-E35C9367B077}.Debug|Xbox 360.ActiveCfg = Debug|Xbox 360
		{F15166D6-572D-47B7-A0BA-E35C9367B077}.Debug|Xbox 360.Build.0 = Debug|Xbox 360
		{F15166D6-572D-47B7-A0BA-E35C9367B077}.Debug|Xbox 360.Deploy.0 = Debug|Xbox 360
		{F15166D6-572D-47B7-A0BA-E35C9367B077}.PGO|Win32.ActiveCfg = PGO|Win32
		{F15166D6-572D-47B7-A0BA-E35C9367B077}.PGO|Win32.Build.0 = PGO|Win32
		{F15166D6-572D-47B7-A0BA-E35C9367B077}.PGO|Xbox 360.ActiveCfg = PGO|Xbox 360
		{F15166D6-572D-47B7-A0BA-E35C9367B077}.PGO|Xbox 360.Build.0 = PGO|Xbox 360
		{F15166D6-572D-47B7-A0BA-E35C9367B077}.PGO|Xbox 360.Deploy.0 = PGO|Xbox 360
		{F15166D6-572D-47B7-A0BA-E35C9367B077}.Profile_FastCap|Win32.ActiveCfg = Profile_FastCap|Win32
		{F15166D6-572D-47B7-A0BA-E35C9367B077}.Profile_FastCap|Win32.Build.0 = Profile_FastCap|Win32
		{F15166D6-572D-47B7-A0BA-E35C9367B077}.Profile_FastCap|Xbox 360.ActiveCfg = Profile_FastCap|Xbox 360
		{F15166D6-572D-47B7-A0BA-E35C9367B077}.Profile_FastCap|Xbox 360.Build.0 = Profile_FastCap|Xbox 360
		{F15166D6-572D-47B7-A0BA-E35C9367B077}.Profile_FastCap|Xbox 360.Deploy.0 = Profile_FastCap|Xbox 360
		{F15166D6-572D-47B7-A0BA-E35C9367B077}.Profile|Win32.ActiveCfg = Profile|Win32
		{F15166D6-572D-47B7-A0BA-E35C9367B077}.Profile|Win32.Build.0 = Profile|Win32
		{F15166D6-572D-47B7-A0BA-E35C9367B077}.Profile|Xbox 360.ActiveCfg = Profile|Xbox 360
		{F15166D6-572D-47B7-A0BA-E35C9367B077}.Profile|Xbox 360.Build.0 = Profile|Xbox 360
		{F15166D6-572D-47B7-A0BA-E35C9367B077}.Profile|Xbox 360.Deploy.0 = Profile|Xbox 360
		{F15166D6-572D-47B7-A0BA-E35C9367B077}.Release_LTCG|Win32.ActiveCfg = Release_LTCG|Win32
		{F15166D6-572D-47B7-A0BA-E35C9367B077}.Release_LTCG|Win32.Build.0 = Release_LTCG|Win32
		{F15166D6-572D-47B7-A0BA-E35C9367B077}.Release_LTCG|Xbox 360.ActiveCfg = Release_LTCG|Xbox 360
		{F15166D6-572D-47B7-A0BA-E35C9367B077}.Release_LTCG|Xbox 360.Build.0 = Release_LTCG|Xbox 360
		{F15166D6-572D-47B7-A0BA-E35C9367B077}.Release_LTCG|Xbox 360.Deploy.0 = Release_LTCG|Xbox 360
		{F15166D6-572D-47B7-A0BA-E35C9367B077}.Release|Win32.ActiveCfg = Release|Win32
		{F15166D6-572D-47B7-A0BA-E35C9367B077}.Release|Win32.Build.0 = Release|Win32
		{F15166D6-572D-47B7-A0BA-E35C9367B077}.Release|Xbox 360.ActiveCfg = Release|Xbox 360
		{F15166D6-572D-47B7-A0BA-E35C9367B077}.Release|Xbox 360.Build.0 = Release|Xbox 360
		{F15166D6-572D-47B7-A0BA-E35C9367B077}.Release|Xbox 360.Deploy.0 = Release|Xbox 360
		{409BC632-8B23-4842-B45E-EE40AAB31169}.CodeAnalysis|Win32.ActiveCfg = CodeAnalysis|Win32
		{409BC632-8B23-4842-B45E-EE40AAB31169}.CodeAnalysis|Win32.Build.0 = CodeAnalysis|Win32
		{409BC632-8B23-4842-B45E-EE40AAB31169}.CodeAnalysis|Xbox 360.ActiveCfg = CodeAnalysis|Xbox 360
		{409BC632-8B23-4842-B45E-EE40AAB31169}.CodeAnalysis|Xbox 360.Build.0 = CodeAnalysis|Xbox 360
		{409BC632-8B23-4842-B45E-EE40AAB31169}.CodeAnalysis|Xbox 360.Deploy.0 = CodeAnalysis|Xbox 360
		{409BC632-8B23-4842-B45E-EE40AAB31169}.Debug|Win32.ActiveCfg = Debug|Win32
		{409BC632-8B23-4842-B45E-EE40AAB31169}.Debug|Win32.Build.0 = Debug|Win32
		{409BC632-8B23-4842-B45E-EE40AAB31169}.Debug|Xbox 360.ActiveCfg = Debug|Xbox 360
		{409BC632-8B23-4842-B45E-EE40AAB31169}.Debug|Xbox 360.Build.0 = Debug|Xbox 360
		{409BC632-8B23-4842-B45E-EE40AAB31169}.Debug|Xbox 360.Deploy.0 = Debug|Xbox 360
		{409BC632-8B23-4842-B45E-EE40AAB31169}.PGO|Win32.ActiveCfg = PGO Release|Xbox 360
		{409BC632-8B23-4842-B45E-EE40AAB31169}.PGO|Xbox 360.ActiveCfg = PGO Release|Xbox 360
		{409BC632-8B23-4842-B45E-EE40AAB31169}.Profile_FastCap|Win32.ActiveCfg = Profile_FastCap|Win32
		{409BC632-8B23-4842-B45E-EE40AAB31169}.Profile_FastCap|Win32.Build.0 = Profile_FastCap|Win32
		{409BC632-8B23-4842-B45E-EE40AAB31169}.Profile_FastCap|Xbox 360.ActiveCfg = Profile_FastCap|Xbox 360
		{409BC632-8B23-4842-B45E-EE40AAB31169}.Profile_FastCap|Xbox 360.Build.0 = Profile_FastCap|Xbox 360
		{409BC632-8B23-4842-B45E-EE40AAB31169}.Profile_FastCap|Xbox 360.Deploy.0 = Profile_FastCap|Xbox 360
		{409BC632-8B23-4842-B45E-EE40AAB31169}.Profile|Win32.ActiveCfg = Profile|Win32
		{409BC632-8B23-4842-B45E-EE40AAB31169}.Profile|Win32.Build.0 = Profile|Win32
		{409BC632-8B23-4842-B45E-EE40AAB31169}.Profile|Xbox 360.ActiveCfg = Profile|Xbox 360
		{409BC632-8B23-4842-B45E-EE40AAB31169}.Profile|Xbox 360.Build.0 = Profile|Xbox 360
		{409BC632-8B23-4842-B45E-EE40AAB31169}.Profile|Xbox 360.Deploy.0 = Profile|Xbox 360
		{409BC632-8B23-4842-B45E-EE40AAB31169}.Release_LTCG|Win32.ActiveCfg = Release_LTCG|Win32
		{409BC632-8B23-4842-B45E-EE40AAB31169}.Release_LTCG|Win32.Build.0 = Release_LTCG|Win32
		{409BC632-8B23-4842-B45E-EE40AAB31169}.Release_LTCG|Xbox 360.ActiveCfg = Release_LTCG|Xbox 360
		{409BC632-8B23-4842-B45E-EE40AAB31169}.Release_LTCG|Xbox 360.Build.0 = Release_LTCG|Xbox 360
		{409BC632-8B23-4842-B45E-EE40AAB31169}.Release_LTCG|Xbox 360.Deploy.0 = Release_LTCG|Xbox 360
		{409BC632-8B23-4842-B45E-EE40AAB31169}.Release|Win32.ActiveCfg = Release|Win32
		{409BC632-8B23-4842-B45E-EE40AAB31169}.Release|Win32.Build.0 = Release|Win32
		{409BC632-8B23-4842-B45E-EE40AAB31169}.Release|Xbox 360.ActiveCfg = Release|Xbox 360
		{409BC632-8B23-4842-B45E-EE40AAB31169}.Release|Xbox 360.Build.0 = Release|Xbox 360
		{409BC632-8B23-4842-B45E-EE40AAB31169}.Release|Xbox 360.Deploy.0 = Release|Xbox 360
		{259F380D-B8E9-4EB5-85AC-9D376655B6FE}.CodeAnalysis|Win32.ActiveCfg = CodeAnalysis|Xbox 360
		{259F380D-B8E9-4EB5-85AC-9D376655B6FE}.CodeAnalysis|Xbox 360.ActiveCfg = CodeAnalysis|Xbox 360
		{259F380D-B8E9-4EB5-85AC-9D376655B6FE}.CodeAnalysis|Xbox 360.Build.0 = CodeAnalysis|Xbox 360
		{259F380D-B8E9-4EB5-85AC-9D376655B6FE}.CodeAnalysis|Xbox 360.Deploy.0 = CodeAnalysis|Xbox 360
		{259F380D-B8E9-4EB5-85AC-9D376655B6FE}.Debug|Win32.ActiveCfg = Debug|Xbox 360
		{259F380D-B8E9-4EB5-85AC-9D376655B6FE}.Debug|Xbox 360.ActiveCfg = Debug|Xbox 360
		{259F380D-B8E9-4EB5-85AC-9D376655B6FE}.Debug|Xbox 360.Build.0 = Debug|Xbox 360
		{259F380D-B8E9-4EB5-85AC-9D376655B6FE}.Debug|Xbox 360.Deploy.0 = Debug|Xbox 360
		{259F380D-B8E9-4EB5-85AC-9D376655B6FE}.PGO|Win32.ActiveCfg = Profile_FastCap|Xbox 360
		{259F380D-B8E9-4EB5-85AC-9D376655B6FE}.PGO|Xbox 360.ActiveCfg = Profile_FastCap|Xbox 360
		{259F380D-B8E9-4EB5-85AC-9D376655B6FE}.PGO|Xbox 360.Build.0 = Profile_FastCap|Xbox 360
		{259F380D-B8E9-4EB5-85AC-9D376655B6FE}.PGO|Xbox 360.Deploy.0 = Profile_FastCap|Xbox 360
		{259F380D-B8E9-4EB5-85AC-9D376655B6FE}.Profile_FastCap|Win32.ActiveCfg = Profile_FastCap|Xbox 360
		{259F380D-B8E9-4EB5-85AC-9D376655B6FE}.Profile_FastCap|Xbox 360.ActiveCfg = Profile_FastCap|Xbox 360
		{259F380D-B8E9-4EB5-85AC-9D376655B6FE}.Profile_FastCap|Xbox 360.Build.0 = Profile_FastCap|Xbox 360
		{259F380D-B8E9-4EB5-85AC-9D376655B6FE}.Profile_FastCap|Xbox 360.Deploy.0 = Profile_FastCap|Xbox 360
		{259F380D-B8E9-4EB5-85AC-9D376655B6FE}.Profile|Win32.ActiveCfg = Profile|Xbox 360
		{259F380D-B8E9-4EB5-85AC-9D376655B6FE}.Profile|Xbox 360.ActiveCfg = Profile|Xbox 360
		{259F380D-B8E9-4EB5-85AC-9D376655B6FE}.Profile|Xbox 360.Build.0 = Profile|Xbox 360
		{259F380D-B8E9-4EB5-85AC-9D376655B6FE}.Profile|Xbox 360.Deploy.0 = Profile|Xbox 360
		{259F380D-B8E9-4EB5-85AC-9D376655B6FE}.Release_LTCG|Win32.ActiveCfg = Release_LTCG|Xbox 360
		{259F380D-B8E9-4EB5-85AC-9D376655B6FE}.Release_LTCG|Xbox 360.ActiveCfg = Release_LTCG|Xbox 360
		{259F380D-B8E9-4EB5-85AC-9D376655B6FE}.Release_LTCG|Xbox 360.Build.0 = Release_LTCG|Xbox 360
		{259F380D-B8E9-4EB5-85AC-9D376655B6FE}.Release_LTCG|Xbox 360.Deploy.0 = Release_LTCG|Xbox 360
		{259F380D-B8E9-4EB5-85AC-9D376655B6FE}.Release|Win32.ActiveCfg = Release|Xbox 360
		{259F380D-B8E9-4EB5-85AC-9D376655B6FE}.Release|Xbox 360.ActiveCfg = Release|Xbox 360
		{259F380D-B8E9-4EB5-85AC-9D376655B6FE}.Release|Xbox 360.Build.0 = Release|Xbox 360
		{259F380D-B8E9-4EB5-85AC-9D376655B6FE}.Release|Xbox 360.Deploy.0 = Release|Xbox 360
		{91D208A6-9936-47FD-9659-67205C3EB0AB}.CodeAnalysis|Win32.ActiveCfg = CodeAnalysis|Xbox 360
		{91D208A6-9936-47FD-9659-67205C3EB0AB}.CodeAnalysis|Xbox 360.ActiveCfg = CodeAnalysis|Xbox 360
		{91D208A6-9936-47FD-9659-67205C3EB0AB}.CodeAnalysis|Xbox 360.Build.0 = CodeAnalysis|Xbox 360
		{91D208A6-9936-47FD-9659-67205C3EB0AB}.CodeAnalysis|Xbox 360.Deploy.0 = CodeAnalysis|Xbox 360
		{91D208A6-9936-47FD-9659-67205C3EB0AB}.Debug|Win32.ActiveCfg = Debug|Xbox 360
		{91D208A6-9936-47FD-9659-67205C3EB0AB}.Debug|Xbox 360.ActiveCfg = Debug|Xbox 360
		{91D208A6-9936-47FD-9659-67205C3EB0AB}.Debug|Xbox 360.Build.0 = Debug|Xbox 360
		{91D208A6-9936-47FD-9659-67205C3EB0AB}.Debug|Xbox 360.Deploy.0 = Debug|Xbox 360
		{91D208A6-9936-47FD-9659-67205C3EB0AB}.PGO|Win32.ActiveCfg = Profile|Xbox 360
		{91D208A6-9936-47FD-9659-67205C3EB0AB}.PGO|Xbox 360.ActiveCfg = Profile|Xbox 360
		{91D208A6-9936-47FD-9659-67205C3EB0AB}.PGO|Xbox 360.Build.0 = Profile|Xbox 360
		{91D208A6-9936-47FD-9659-67205C3EB0AB}.PGO|Xbox 360.Deploy.0 = Profile|Xbox 360
		{91D208A6-9936-47FD-9659-67205C3EB0AB}.Profile_FastCap|Win32.ActiveCfg = Profile_FastCap|Xbox 360
		{91D208A6-9936-47FD-9659-67205C3EB0AB}.Profile_FastCap|Xbox 360.ActiveCfg = Profile_FastCap|Xbox 360
		{91D208A6-9936-47FD-9659-67205C3EB0AB}.Profile_FastCap|Xbox 360.Build.0 = Profile_FastCap|Xbox 360
		{91D208A6-9936-47FD-9659-67205C3EB0AB}.Profile_FastCap|Xbox 360.Deploy.0 = Profile_FastCap|Xbox 360
		{91D208A6-9936-47FD-9659-67205C3EB0AB}.Profile|Win32.ActiveCfg = Profile|Xbox 360
		{91D208A6-9936-47FD-9659-67205C3EB0AB}.Profile|Xbox 360.ActiveCfg = Profile|Xbox 360
		{91D208A6-9936-47FD-9659-67205C3EB0AB}.Profile|Xbox 360.Build.0 = Profile|Xbox 360
		{91D208A6-9936-47FD-9659-67205C3EB0AB}.Profile|Xbox 360.Deploy.0 = Profile|Xbox 360
		{91D208A6-9936-47FD-9659-67205C3EB0AB}.Release_LTCG|Win32.ActiveCfg = Release_LTCG|Xbox 360
		{91D208A6-9936-47FD-9659-67205C3EB0AB}.Release_LTCG|Xbox 360.ActiveCfg = Release_LTCG|Xbox 360
		{91D208A6-9936-47FD-9659-67205C3EB0AB}.Release_LTCG|Xbox 360.Build.0 = Release_LTCG|Xbox 360
		{91D208A6-9936-47FD-9659-67205C3EB0AB}.Release_LTCG|Xbox 360.Deploy.0 = Release_LTCG|Xbox 360
		{91D208A6-9936-47FD-9659-67205C3EB0AB}.Release|Win32.ActiveCfg = Release|Xbox 360
		{91D208A6-9936-47FD-9659-67205C3EB0AB}.Release|Xbox 360.ActiveCfg = Release|Xbox 360
		{91D208A6-9936-47FD-9659-67205C3EB0AB}.Release|Xbox 360.Build.0 = Release|Xbox 360
		{91D208A6-9936-47FD-9659-67205C3EB0AB}.Release|Xbox 360.Deploy.0 = Release|Xbox 360
	EndGlobalSection
	GlobalSection(SolutionProperties) = preSolution
		HideSolutionNode = FALSE
	EndGlobalSection
EndGlobal
