<?xml version="1.0" encoding="utf-8"?>
<Project ToolsVersion="4.0" xmlns="http://schemas.microsoft.com/developer/msbuild/2003">
  <ItemGroup>
    <Filter Include="Source Files">
      <UniqueIdentifier>{4FC737F1-C7A5-4376-A066-2A32D752A2FF}</UniqueIdentifier>
      <Extensions>cpp;c;cxx;def;odl;idl;hpj;bat;asm;asmx</Extensions>
    </Filter>
    <Filter Include="Header Files">
      <UniqueIdentifier>{93995380-89BD-4b04-88EB-625FBE52EBFB}</UniqueIdentifier>
      <Extensions>h;hpp;hxx;hm;inl;inc;xsd</Extensions>
    </Filter>
  </ItemGroup>
  <ItemGroup>
    <None Include="ReadMe.txt" />
  </ItemGroup>
  <ItemGroup>
    <ClCompile Include="_3do_sys.cpp">
      <Filter>Source Files</Filter>
    </ClCompile>
    <ClCompile Include="arm.cpp">
      <Filter>Source Files</Filter>
    </ClCompile>
    <ClCompile Include="bitop.cpp">
      <Filter>Source Files</Filter>
    </ClCompile>
    <ClCompile Include="Clio.cpp">
      <Filter>Source Files</Filter>
    </ClCompile>
    <ClCompile Include="DiagPort.cpp">
      <Filter>Source Files</Filter>
    </ClCompile>
    <ClCompile Include="DSP.cpp">
      <Filter>Source Files</Filter>
    </ClCompile>
    <ClCompile Include="Iso.cpp">
      <Filter>Source Files</Filter>
    </ClCompile>
    <ClCompile Include="Madam.cpp">
      <Filter>Source Files</Filter>
    </ClCompile>
    <ClCompile Include="quarz.cpp">
      <Filter>Source Files</Filter>
    </ClCompile>
    <ClCompile Include="SPORT.cpp">
      <Filter>Source Files</Filter>
    </ClCompile>
    <ClCompile Include="vdlp.cpp">
      <Filter>Source Files</Filter>
    </ClCompile>
    <ClCompile Include="XBUS.cpp">
      <Filter>Source Files</Filter>
    </ClCompile>
    <ClCompile Include="..\DxSound.cpp">
      <Filter>Source Files</Filter>
    </ClCompile>
  </ItemGroup>
  <ItemGroup>
    <ClInclude Include="3doplay.h">
      <Filter>Header Files</Filter>
    </ClInclude>
    <ClInclude Include="arm.h">
      <Filter>Header Files</Filter>
    </ClInclude>
    <ClInclude Include="bitop.h">
      <Filter>Header Files</Filter>
    </ClInclude>
    <ClInclude Include="Clio.h">
      <Filter>Header Files</Filter>
    </ClInclude>
    <ClInclude Include="DiagPort.h">
      <Filter>Header Files</Filter>
    </ClInclude>
    <ClInclude Include="DSP.h">
      <Filter>Header Files</Filter>
    </ClInclude>
    <ClInclude Include="freedoconfig.h">
      <Filter>Header Files</Filter>
    </ClInclude>
    <ClInclude Include="IsoXBUS.h">
      <Filter>Header Files</Filter>
    </ClInclude>
    <ClInclude Include="Madam.h">
      <Filter>Header Files</Filter>
    </ClInclude>
    <ClInclude Include="quarz.h">
      <Filter>Header Files</Filter>
    </ClInclude>
    <ClInclude Include="SPORT.h">
      <Filter>Header Files</Filter>
    </ClInclude>
    <ClInclude Include="types.h">
      <Filter>Header Files</Filter>
    </ClInclude>
    <ClInclude Include="vdlp.h">
      <Filter>Header Files</Filter>
    </ClInclude>
    <ClInclude Include="XBUS.h">
      <Filter>Header Files</Filter>
    </ClInclude>
  </ItemGroup>
</Project>